
Microsoft Visual Studio Solution File, Format Version 12.00
# Visual Studio Version 17
VisualStudioVersion = 17.12.35527.113
MinimumVisualStudioVersion = 10.0.40219.1
Project("{FAE04EC0-301F-11D3-BF4B-00C04F79EFBC}") = "APIServer", "APIServer\APIServer.csproj", "{F1EC4630-FEC7-4805-A094-2B9DA3764FBC}"
EndProject
Project("{FAE04EC0-301F-11D3-BF4B-00C04F79EFBC}") = "GatewayServer", "GatewayServer\GatewayServer.csproj", "{92BFBB5D-84C5-4DD4-97C9-E1ABDAC12241}"
EndProject
Project("{FAE04EC0-301F-11D3-BF4B-00C04F79EFBC}") = "ServerCommon", "ServerCommon\ServerCommon.csproj", "{F8FB9749-6FE6-45F4-825C-1A4FCEE07430}"
EndProject
Global
	GlobalSection(SolutionConfigurationPlatforms) = preSolution
		Debug|Any CPU = Debug|Any CPU
		Release|Any CPU = Release|Any CPU
	EndGlobalSection
	GlobalSection(ProjectConfigurationPlatforms) = postSolution
		{F1EC4630-FEC7-4805-A094-2B9DA3764FBC}.Debug|Any CPU.ActiveCfg = Debug|Any CPU
		{F1EC4630-FEC7-4805-A094-2B9DA3764FBC}.Debug|Any CPU.Build.0 = Debug|Any CPU
		{F1EC4630-FEC7-4805-A094-2B9DA3764FBC}.Release|Any CPU.ActiveCfg = Release|Any CPU
		{F1EC4630-FEC7-4805-A094-2B9DA3764FBC}.Release|Any CPU.Build.0 = Release|Any CPU
		{92BFBB5D-84C5-4DD4-97C9-E1ABDAC12241}.Debug|Any CPU.ActiveCfg = Debug|Any CPU
		{92BFBB5D-84C5-4DD4-97C9-E1ABDAC12241}.Debug|Any CPU.Build.0 = Debug|Any CPU
		{92BFBB5D-84C5-4DD4-97C9-E1ABDAC12241}.Release|Any CPU.ActiveCfg = Release|Any CPU
		{92BFBB5D-84C5-4DD4-97C9-E1ABDAC12241}.Release|Any CPU.Build.0 = Release|Any CPU
		{F8FB9749-6FE6-45F4-825C-1A4FCEE07430}.Debug|Any CPU.ActiveCfg = Debug|Any CPU
		{F8FB9749-6FE6-45F4-825C-1A4FCEE07430}.Debug|Any CPU.Build.0 = Debug|Any CPU
		{F8FB9749-6FE6-45F4-825C-1A4FCEE07430}.Release|Any CPU.ActiveCfg = Release|Any CPU
		{F8FB9749-6FE6-45F4-825C-1A4FCEE07430}.Release|Any CPU.Build.0 = Release|Any CPU
	EndGlobalSection
	GlobalSection(SolutionProperties) = preSolution
		HideSolutionNode = FALSE
	EndGlobalSection
EndGlobal
